// !$*UTF8*$!
{
	archiveVersion = 1;
	classes = {
	};
	objectVersion = 48;
	objects = {

/* Begin PBXBuildFile section */
		8F774FC350DB282FAC79A591 /* libPods-SharedBicycle.a in Frameworks */ = {isa = PBXBuildFile; fileRef = D25C88AB0B5B8EEA66B3DC86 /* libPods-SharedBicycle.a */; };
		A006D8B7204D78A000E4B85E /* LoginViewController.m in Sources */ = {isa = PBXBuildFile; fileRef = A006D8B6204D78A000E4B85E /* LoginViewController.m */; };
		A01F6FA2207E433A00FF7912 /* UserInfoTableViewController.m in Sources */ = {isa = PBXBuildFile; fileRef = A01F6FA1207E433A00FF7912 /* UserInfoTableViewController.m */; };
		A04D6374205AD5EC0013E26A /* ShadowView.m in Sources */ = {isa = PBXBuildFile; fileRef = A04D6373205AD5EC0013E26A /* ShadowView.m */; };
		A0563854203FCDBC00BB0A9C /* AppDelegate.m in Sources */ = {isa = PBXBuildFile; fileRef = A0563853203FCDBC00BB0A9C /* AppDelegate.m */; };
		A0563857203FCDBC00BB0A9C /* CycleViewController.m in Sources */ = {isa = PBXBuildFile; fileRef = A0563856203FCDBC00BB0A9C /* CycleViewController.m */; };
		A056385A203FCDBC00BB0A9C /* Main.storyboard in Resources */ = {isa = PBXBuildFile; fileRef = A0563858203FCDBC00BB0A9C /* Main.storyboard */; };
		A056385C203FCDBC00BB0A9C /* Assets.xcassets in Resources */ = {isa = PBXBuildFile; fileRef = A056385B203FCDBC00BB0A9C /* Assets.xcassets */; };
		A056385F203FCDBC00BB0A9C /* LaunchScreen.storyboard in Resources */ = {isa = PBXBuildFile; fileRef = A056385D203FCDBC00BB0A9C /* LaunchScreen.storyboard */; };
		A0563862203FCDBC00BB0A9C /* main.m in Sources */ = {isa = PBXBuildFile; fileRef = A0563861203FCDBC00BB0A9C /* main.m */; };
		A056386C203FCDBC00BB0A9C /* SharedBicycleTests.m in Sources */ = {isa = PBXBuildFile; fileRef = A056386B203FCDBC00BB0A9C /* SharedBicycleTests.m */; };
		A0563877203FCDBC00BB0A9C /* SharedBicycleUITests.m in Sources */ = {isa = PBXBuildFile; fileRef = A0563876203FCDBC00BB0A9C /* SharedBicycleUITests.m */; };
		A0D0547D204ECCA600654513 /* MenuTableViewCell.m in Sources */ = {isa = PBXBuildFile; fileRef = A0D0547B204ECCA600654513 /* MenuTableViewCell.m */; };
		A0D0547E204ECCA600654513 /* MenuTableViewCell.xib in Resources */ = {isa = PBXBuildFile; fileRef = A0D0547C204ECCA600654513 /* MenuTableViewCell.xib */; };
		A0D22983205AD7CE003871FA /* ScanCodeeViewController.m in Sources */ = {isa = PBXBuildFile; fileRef = A0D22982205AD7CE003871FA /* ScanCodeeViewController.m */; };
		A0D27526204AE24400ABF73B /* MenuViewController.m in Sources */ = {isa = PBXBuildFile; fileRef = A0D27524204AE24400ABF73B /* MenuViewController.m */; };
		A0D27527204AE24400ABF73B /* MenuViewController.xib in Resources */ = {isa = PBXBuildFile; fileRef = A0D27525204AE24400ABF73B /* MenuViewController.xib */; };
/* End PBXBuildFile section */

/* Begin PBXContainerItemProxy section */
		A0563868203FCDBC00BB0A9C /* PBXContainerItemProxy */ = {
			isa = PBXContainerItemProxy;
			containerPortal = A0563847203FCDBC00BB0A9C /* Project object */;
			proxyType = 1;
			remoteGlobalIDString = A056384E203FCDBC00BB0A9C;
			remoteInfo = SharedBicycle;
		};
		A0563873203FCDBC00BB0A9C /* PBXContainerItemProxy */ = {
			isa = PBXContainerItemProxy;
			containerPortal = A0563847203FCDBC00BB0A9C /* Project object */;
			proxyType = 1;
			remoteGlobalIDString = A056384E203FCDBC00BB0A9C;
			remoteInfo = SharedBicycle;
		};
/* End PBXContainerItemProxy section */

/* Begin PBXFileReference section */
		62AC9F4B460C9E3E2BDF474D /* Pods-SharedBicycle.release.xcconfig */ = {isa = PBXFileReference; includeInIndex = 1; lastKnownFileType = text.xcconfig; name = "Pods-SharedBicycle.release.xcconfig"; path = "Pods/Target Support Files/Pods-SharedBicycle/Pods-SharedBicycle.release.xcconfig"; sourceTree = "<group>"; };
		843C27E28B9C13EF7A199611 /* Pods-SharedBicycle.debug.xcconfig */ = {isa = PBXFileReference; includeInIndex = 1; lastKnownFileType = text.xcconfig; name = "Pods-SharedBicycle.debug.xcconfig"; path = "Pods/Target Support Files/Pods-SharedBicycle/Pods-SharedBicycle.debug.xcconfig"; sourceTree = "<group>"; };
		A006D8B5204D78A000E4B85E /* LoginViewController.h */ = {isa = PBXFileReference; lastKnownFileType = sourcecode.c.h; path = LoginViewController.h; sourceTree = "<group>"; };
		A006D8B6204D78A000E4B85E /* LoginViewController.m */ = {isa = PBXFileReference; lastKnownFileType = sourcecode.c.objc; path = LoginViewController.m; sourceTree = "<group>"; };
		A01F6FA0207E433A00FF7912 /* UserInfoTableViewController.h */ = {isa = PBXFileReference; lastKnownFileType = sourcecode.c.h; path = UserInfoTableViewController.h; sourceTree = "<group>"; };
		A01F6FA1207E433A00FF7912 /* UserInfoTableViewController.m */ = {isa = PBXFileReference; lastKnownFileType = sourcecode.c.objc; path = UserInfoTableViewController.m; sourceTree = "<group>"; };
		A04D6372205AD5EC0013E26A /* ShadowView.h */ = {isa = PBXFileReference; lastKnownFileType = sourcecode.c.h; path = ShadowView.h; sourceTree = "<group>"; };
		A04D6373205AD5EC0013E26A /* ShadowView.m */ = {isa = PBXFileReference; lastKnownFileType = sourcecode.c.objc; path = ShadowView.m; sourceTree = "<group>"; };
		A056384F203FCDBC00BB0A9C /* SharedBicycle.app */ = {isa = PBXFileReference; explicitFileType = wrapper.application; includeInIndex = 0; path = SharedBicycle.app; sourceTree = BUILT_PRODUCTS_DIR; };
		A0563852203FCDBC00BB0A9C /* AppDelegate.h */ = {isa = PBXFileReference; lastKnownFileType = sourcecode.c.h; path = AppDelegate.h; sourceTree = "<group>"; };
		A0563853203FCDBC00BB0A9C /* AppDelegate.m */ = {isa = PBXFileReference; lastKnownFileType = sourcecode.c.objc; path = AppDelegate.m; sourceTree = "<group>"; };
		A0563855203FCDBC00BB0A9C /* CycleViewController.h */ = {isa = PBXFileReference; lastKnownFileType = sourcecode.c.h; path = CycleViewController.h; sourceTree = "<group>"; };
		A0563856203FCDBC00BB0A9C /* CycleViewController.m */ = {isa = PBXFileReference; lastKnownFileType = sourcecode.c.objc; path = CycleViewController.m; sourceTree = "<group>"; };
		A0563859203FCDBC00BB0A9C /* Base */ = {isa = PBXFileReference; lastKnownFileType = file.storyboard; name = Base; path = Base.lproj/Main.storyboard; sourceTree = "<group>"; };
		A056385B203FCDBC00BB0A9C /* Assets.xcassets */ = {isa = PBXFileReference; lastKnownFileType = folder.assetcatalog; path = Assets.xcassets; sourceTree = "<group>"; };
		A056385E203FCDBC00BB0A9C /* Base */ = {isa = PBXFileReference; lastKnownFileType = file.storyboard; name = Base; path = Base.lproj/LaunchScreen.storyboard; sourceTree = "<group>"; };
		A0563860203FCDBC00BB0A9C /* Info.plist */ = {isa = PBXFileReference; lastKnownFileType = text.plist.xml; path = Info.plist; sourceTree = "<group>"; };
		A0563861203FCDBC00BB0A9C /* main.m */ = {isa = PBXFileReference; lastKnownFileType = sourcecode.c.objc; path = main.m; sourceTree = "<group>"; };
		A0563867203FCDBC00BB0A9C /* SharedBicycleTests.xctest */ = {isa = PBXFileReference; explicitFileType = wrapper.cfbundle; includeInIndex = 0; path = SharedBicycleTests.xctest; sourceTree = BUILT_PRODUCTS_DIR; };
		A056386B203FCDBC00BB0A9C /* SharedBicycleTests.m */ = {isa = PBXFileReference; lastKnownFileType = sourcecode.c.objc; path = SharedBicycleTests.m; sourceTree = "<group>"; };
		A056386D203FCDBC00BB0A9C /* Info.plist */ = {isa = PBXFileReference; lastKnownFileType = text.plist.xml; path = Info.plist; sourceTree = "<group>"; };
		A0563872203FCDBC00BB0A9C /* SharedBicycleUITests.xctest */ = {isa = PBXFileReference; explicitFileType = wrapper.cfbundle; includeInIndex = 0; path = SharedBicycleUITests.xctest; sourceTree = BUILT_PRODUCTS_DIR; };
		A0563876203FCDBC00BB0A9C /* SharedBicycleUITests.m */ = {isa = PBXFileReference; lastKnownFileType = sourcecode.c.objc; path = SharedBicycleUITests.m; sourceTree = "<group>"; };
		A0563878203FCDBC00BB0A9C /* Info.plist */ = {isa = PBXFileReference; lastKnownFileType = text.plist.xml; path = Info.plist; sourceTree = "<group>"; };
		A0D0547A204ECCA600654513 /* MenuTableViewCell.h */ = {isa = PBXFileReference; lastKnownFileType = sourcecode.c.h; path = MenuTableViewCell.h; sourceTree = "<group>"; };
		A0D0547B204ECCA600654513 /* MenuTableViewCell.m */ = {isa = PBXFileReference; lastKnownFileType = sourcecode.c.objc; path = MenuTableViewCell.m; sourceTree = "<group>"; };
		A0D0547C204ECCA600654513 /* MenuTableViewCell.xib */ = {isa = PBXFileReference; lastKnownFileType = file.xib; path = MenuTableViewCell.xib; sourceTree = "<group>"; };
		A0D22981205AD7CE003871FA /* ScanCodeViewController.h */ = {isa = PBXFileReference; lastKnownFileType = sourcecode.c.h; path = ScanCodeViewController.h; sourceTree = "<group>"; };
		A0D22982205AD7CE003871FA /* ScanCodeeViewController.m */ = {isa = PBXFileReference; lastKnownFileType = sourcecode.c.objc; path = ScanCodeeViewController.m; sourceTree = "<group>"; };
		A0D27523204AE24400ABF73B /* MenuViewController.h */ = {isa = PBXFileReference; lastKnownFileType = sourcecode.c.h; path = MenuViewController.h; sourceTree = "<group>"; };
		A0D27524204AE24400ABF73B /* MenuViewController.m */ = {isa = PBXFileReference; lastKnownFileType = sourcecode.c.objc; path = MenuViewController.m; sourceTree = "<group>"; };
		A0D27525204AE24400ABF73B /* MenuViewController.xib */ = {isa = PBXFileReference; lastKnownFileType = file.xib; path = MenuViewController.xib; sourceTree = "<group>"; };
		D25C88AB0B5B8EEA66B3DC86 /* libPods-SharedBicycle.a */ = {isa = PBXFileReference; explicitFileType = archive.ar; includeInIndex = 0; path = "libPods-SharedBicycle.a"; sourceTree = BUILT_PRODUCTS_DIR; };
/* End PBXFileReference section */

/* Begin PBXFrameworksBuildPhase section */
		A056384C203FCDBC00BB0A9C /* Frameworks */ = {
			isa = PBXFrameworksBuildPhase;
			buildActionMask = 2147483647;
			files = (
				8F774FC350DB282FAC79A591 /* libPods-SharedBicycle.a in Frameworks */,
			);
			runOnlyForDeploymentPostprocessing = 0;
		};
		A0563864203FCDBC00BB0A9C /* Frameworks */ = {
			isa = PBXFrameworksBuildPhase;
			buildActionMask = 2147483647;
			files = (
			);
			runOnlyForDeploymentPostprocessing = 0;
		};
		A056386F203FCDBC00BB0A9C /* Frameworks */ = {
			isa = PBXFrameworksBuildPhase;
			buildActionMask = 2147483647;
			files = (
			);
			runOnlyForDeploymentPostprocessing = 0;
		};
/* End PBXFrameworksBuildPhase section */

/* Begin PBXGroup section */
		A006D8B4204D787300E4B85E /* Login */ = {
			isa = PBXGroup;
			children = (
				A006D8B5204D78A000E4B85E /* LoginViewController.h */,
				A006D8B6204D78A000E4B85E /* LoginViewController.m */,
			);
			path = Login;
			sourceTree = "<group>";
		};
		A0563846203FCDBC00BB0A9C = {
			isa = PBXGroup;
			children = (
				A0563851203FCDBC00BB0A9C /* SharedBicycle */,
				A056386A203FCDBC00BB0A9C /* SharedBicycleTests */,
				A0563875203FCDBC00BB0A9C /* SharedBicycleUITests */,
				A0563850203FCDBC00BB0A9C /* Products */,
				D850BFFCE218B3009608F9CE /* Pods */,
				AF77B08ED16E4E74E855CE60 /* Frameworks */,
			);
			sourceTree = "<group>";
		};
		A0563850203FCDBC00BB0A9C /* Products */ = {
			isa = PBXGroup;
			children = (
				A056384F203FCDBC00BB0A9C /* SharedBicycle.app */,
				A0563867203FCDBC00BB0A9C /* SharedBicycleTests.xctest */,
				A0563872203FCDBC00BB0A9C /* SharedBicycleUITests.xctest */,
			);
			name = Products;
			sourceTree = "<group>";
		};
		A0563851203FCDBC00BB0A9C /* SharedBicycle */ = {
			isa = PBXGroup;
			children = (
				A056388420401B4900BB0A9C /* Images */,
				A056388720401B7700BB0A9C /* Models */,
				A056388620401B6C00BB0A9C /* Views */,
				A056388520401B5900BB0A9C /* Controllers */,
				A0563852203FCDBC00BB0A9C /* AppDelegate.h */,
				A0563853203FCDBC00BB0A9C /* AppDelegate.m */,
				A056385B203FCDBC00BB0A9C /* Assets.xcassets */,
				A056385D203FCDBC00BB0A9C /* LaunchScreen.storyboard */,
				A0563860203FCDBC00BB0A9C /* Info.plist */,
				A0563861203FCDBC00BB0A9C /* main.m */,
			);
			path = SharedBicycle;
			sourceTree = "<group>";
		};
		A056386A203FCDBC00BB0A9C /* SharedBicycleTests */ = {
			isa = PBXGroup;
			children = (
				A056386B203FCDBC00BB0A9C /* SharedBicycleTests.m */,
				A056386D203FCDBC00BB0A9C /* Info.plist */,
			);
			path = SharedBicycleTests;
			sourceTree = "<group>";
		};
		A0563875203FCDBC00BB0A9C /* SharedBicycleUITests */ = {
			isa = PBXGroup;
			children = (
				A0563876203FCDBC00BB0A9C /* SharedBicycleUITests.m */,
				A0563878203FCDBC00BB0A9C /* Info.plist */,
			);
			path = SharedBicycleUITests;
			sourceTree = "<group>";
		};
		A056388420401B4900BB0A9C /* Images */ = {
			isa = PBXGroup;
			children = (
			);
			path = Images;
			sourceTree = "<group>";
		};
		A056388520401B5900BB0A9C /* Controllers */ = {
			isa = PBXGroup;
			children = (
				A0814207207103E500B9BAE3 /* User */,
				A0E9441B206F95B60097845A /* Cycle */,
				A0BC3873204EBC9D0031F880 /* Menu */,
				A006D8B4204D787300E4B85E /* Login */,
			);
			path = Controllers;
			sourceTree = "<group>";
		};
		A056388620401B6C00BB0A9C /* Views */ = {
			isa = PBXGroup;
			children = (
				A0563858203FCDBC00BB0A9C /* Main.storyboard */,
				A0D27525204AE24400ABF73B /* MenuViewController.xib */,
				A0D0547C204ECCA600654513 /* MenuTableViewCell.xib */,
			);
			path = Views;
			sourceTree = "<group>";
		};
		A056388720401B7700BB0A9C /* Models */ = {
			isa = PBXGroup;
			children = (
				A04D6372205AD5EC0013E26A /* ShadowView.h */,
				A04D6373205AD5EC0013E26A /* ShadowView.m */,
				A0D22981205AD7CE003871FA /* ScanCodeViewController.h */,
				A0D22982205AD7CE003871FA /* ScanCodeeViewController.m */,
			);
			path = Models;
			sourceTree = "<group>";
		};
		A0814207207103E500B9BAE3 /* User */ = {
			isa = PBXGroup;
			children = (
				A01F6FA0207E433A00FF7912 /* UserInfoTableViewController.h */,
				A01F6FA1207E433A00FF7912 /* UserInfoTableViewController.m */,
			);
			path = User;
			sourceTree = "<group>";
		};
		A0BC3873204EBC9D0031F880 /* Menu */ = {
			isa = PBXGroup;
			children = (
				A0D27523204AE24400ABF73B /* MenuViewController.h */,
				A0D27524204AE24400ABF73B /* MenuViewController.m */,
				A0D0547A204ECCA600654513 /* MenuTableViewCell.h */,
				A0D0547B204ECCA600654513 /* MenuTableViewCell.m */,
			);
			path = Menu;
			sourceTree = "<group>";
		};
		A0E9441B206F95B60097845A /* Cycle */ = {
			isa = PBXGroup;
			children = (
				A0563855203FCDBC00BB0A9C /* CycleViewController.h */,
				A0563856203FCDBC00BB0A9C /* CycleViewController.m */,
			);
			path = Cycle;
			sourceTree = "<group>";
		};
		AF77B08ED16E4E74E855CE60 /* Frameworks */ = {
			isa = PBXGroup;
			children = (
				D25C88AB0B5B8EEA66B3DC86 /* libPods-SharedBicycle.a */,
			);
			name = Frameworks;
			sourceTree = "<group>";
		};
		D850BFFCE218B3009608F9CE /* Pods */ = {
			isa = PBXGroup;
			children = (
				843C27E28B9C13EF7A199611 /* Pods-SharedBicycle.debug.xcconfig */,
				62AC9F4B460C9E3E2BDF474D /* Pods-SharedBicycle.release.xcconfig */,
			);
			name = Pods;
			sourceTree = "<group>";
		};
/* End PBXGroup section */

/* Begin PBXNativeTarget section */
		A056384E203FCDBC00BB0A9C /* SharedBicycle */ = {
			isa = PBXNativeTarget;
			buildConfigurationList = A056387B203FCDBC00BB0A9C /* Build configuration list for PBXNativeTarget "SharedBicycle" */;
			buildPhases = (
				2486C41B6AA895D7C6B8F872 /* [CP] Check Pods Manifest.lock */,
				A056384B203FCDBC00BB0A9C /* Sources */,
				A056384C203FCDBC00BB0A9C /* Frameworks */,
				A056384D203FCDBC00BB0A9C /* Resources */,
				5AB2CF3EAA1D3535F99E22D1 /* [CP] Embed Pods Frameworks */,
				2BF72AD994E7BB8F579B7546 /* [CP] Copy Pods Resources */,
			);
			buildRules = (
			);
			dependencies = (
			);
			name = SharedBicycle;
			productName = SharedBicycle;
			productReference = A056384F203FCDBC00BB0A9C /* SharedBicycle.app */;
			productType = "com.apple.product-type.application";
		};
		A0563866203FCDBC00BB0A9C /* SharedBicycleTests */ = {
			isa = PBXNativeTarget;
			buildConfigurationList = A056387E203FCDBC00BB0A9C /* Build configuration list for PBXNativeTarget "SharedBicycleTests" */;
			buildPhases = (
				A0563863203FCDBC00BB0A9C /* Sources */,
				A0563864203FCDBC00BB0A9C /* Frameworks */,
				A0563865203FCDBC00BB0A9C /* Resources */,
			);
			buildRules = (
			);
			dependencies = (
				A0563869203FCDBC00BB0A9C /* PBXTargetDependency */,
			);
			name = SharedBicycleTests;
			productName = SharedBicycleTests;
			productReference = A0563867203FCDBC00BB0A9C /* SharedBicycleTests.xctest */;
			productType = "com.apple.product-type.bundle.unit-test";
		};
		A0563871203FCDBC00BB0A9C /* SharedBicycleUITests */ = {
			isa = PBXNativeTarget;
			buildConfigurationList = A0563881203FCDBC00BB0A9C /* Build configuration list for PBXNativeTarget "SharedBicycleUITests" */;
			buildPhases = (
				A056386E203FCDBC00BB0A9C /* Sources */,
				A056386F203FCDBC00BB0A9C /* Frameworks */,
				A0563870203FCDBC00BB0A9C /* Resources */,
			);
			buildRules = (
			);
			dependencies = (
				A0563874203FCDBC00BB0A9C /* PBXTargetDependency */,
			);
			name = SharedBicycleUITests;
			productName = SharedBicycleUITests;
			productReference = A0563872203FCDBC00BB0A9C /* SharedBicycleUITests.xctest */;
			productType = "com.apple.product-type.bundle.ui-testing";
		};
/* End PBXNativeTarget section */

/* Begin PBXProject section */
		A0563847203FCDBC00BB0A9C /* Project object */ = {
			isa = PBXProject;
			attributes = {
				LastUpgradeCheck = 0920;
				ORGANIZATIONNAME = "俞健";
				TargetAttributes = {
					A056384E203FCDBC00BB0A9C = {
						CreatedOnToolsVersion = 9.2;
						ProvisioningStyle = Automatic;
					};
					A0563866203FCDBC00BB0A9C = {
						CreatedOnToolsVersion = 9.2;
						ProvisioningStyle = Automatic;
						TestTargetID = A056384E203FCDBC00BB0A9C;
					};
					A0563871203FCDBC00BB0A9C = {
						CreatedOnToolsVersion = 9.2;
						ProvisioningStyle = Automatic;
						TestTargetID = A056384E203FCDBC00BB0A9C;
					};
				};
			};
			buildConfigurationList = A056384A203FCDBC00BB0A9C /* Build configuration list for PBXProject "SharedBicycle" */;
			compatibilityVersion = "Xcode 8.0";
			developmentRegion = en;
			hasScannedForEncodings = 0;
			knownRegions = (
				en,
				Base,
			);
			mainGroup = A0563846203FCDBC00BB0A9C;
			productRefGroup = A0563850203FCDBC00BB0A9C /* Products */;
			projectDirPath = "";
			projectRoot = "";
			targets = (
				A056384E203FCDBC00BB0A9C /* SharedBicycle */,
				A0563866203FCDBC00BB0A9C /* SharedBicycleTests */,
				A0563871203FCDBC00BB0A9C /* SharedBicycleUITests */,
			);
		};
/* End PBXProject section */

/* Begin PBXResourcesBuildPhase section */
		A056384D203FCDBC00BB0A9C /* Resources */ = {
			isa = PBXResourcesBuildPhase;
			buildActionMask = 2147483647;
			files = (
				A056385F203FCDBC00BB0A9C /* LaunchScreen.storyboard in Resources */,
				A0D27527204AE24400ABF73B /* MenuViewController.xib in Resources */,
				A056385C203FCDBC00BB0A9C /* Assets.xcassets in Resources */,
				A0D0547E204ECCA600654513 /* MenuTableViewCell.xib in Resources */,
				A056385A203FCDBC00BB0A9C /* Main.storyboard in Resources */,
			);
			runOnlyForDeploymentPostprocessing = 0;
		};
		A0563865203FCDBC00BB0A9C /* Resources */ = {
			isa = PBXResourcesBuildPhase;
			buildActionMask = 2147483647;
			files = (
			);
			runOnlyForDeploymentPostprocessing = 0;
		};
		A0563870203FCDBC00BB0A9C /* Resources */ = {
			isa = PBXResourcesBuildPhase;
			buildActionMask = 2147483647;
			files = (
			);
			runOnlyForDeploymentPostprocessing = 0;
		};
/* End PBXResourcesBuildPhase section */

/* Begin PBXShellScriptBuildPhase section */
		2486C41B6AA895D7C6B8F872 /* [CP] Check Pods Manifest.lock */ = {
			isa = PBXShellScriptBuildPhase;
			buildActionMask = 2147483647;
			files = (
			);
			inputPaths = (
				"${PODS_PODFILE_DIR_PATH}/Podfile.lock",
				"${PODS_ROOT}/Manifest.lock",
			);
			name = "[CP] Check Pods Manifest.lock";
			outputPaths = (
				"$(DERIVED_FILE_DIR)/Pods-SharedBicycle-checkManifestLockResult.txt",
			);
			runOnlyForDeploymentPostprocessing = 0;
			shellPath = /bin/sh;
			shellScript = "diff \"${PODS_PODFILE_DIR_PATH}/Podfile.lock\" \"${PODS_ROOT}/Manifest.lock\" > /dev/null\nif [ $? != 0 ] ; then\n    # print error to STDERR\n    echo \"error: The sandbox is not in sync with the Podfile.lock. Run 'pod install' or update your CocoaPods installation.\" >&2\n    exit 1\nfi\n# This output is used by Xcode 'outputs' to avoid re-running this script phase.\necho \"SUCCESS\" > \"${SCRIPT_OUTPUT_FILE_0}\"\n";
			showEnvVarsInLog = 0;
		};
		2BF72AD994E7BB8F579B7546 /* [CP] Copy Pods Resources */ = {
			isa = PBXShellScriptBuildPhase;
			buildActionMask = 2147483647;
			files = (
			);
			inputPaths = (
				"${SRCROOT}/Pods/Target Support Files/Pods-SharedBicycle/Pods-SharedBicycle-resources.sh",
				"${PODS_ROOT}/AMap2DMap/MAMapKit.framework/AMap.bundle",
			);
			name = "[CP] Copy Pods Resources";
			outputPaths = (
				"${TARGET_BUILD_DIR}/${UNLOCALIZED_RESOURCES_FOLDER_PATH}/AMap.bundle",
			);
			runOnlyForDeploymentPostprocessing = 0;
			shellPath = /bin/sh;
			shellScript = "\"${SRCROOT}/Pods/Target Support Files/Pods-SharedBicycle/Pods-SharedBicycle-resources.sh\"\n";
			showEnvVarsInLog = 0;
		};
		5AB2CF3EAA1D3535F99E22D1 /* [CP] Embed Pods Frameworks */ = {
			isa = PBXShellScriptBuildPhase;
			buildActionMask = 2147483647;
			files = (
			);
			inputPaths = (
			);
			name = "[CP] Embed Pods Frameworks";
			outputPaths = (
			);
			runOnlyForDeploymentPostprocessing = 0;
			shellPath = /bin/sh;
			shellScript = "\"${SRCROOT}/Pods/Target Support Files/Pods-SharedBicycle/Pods-SharedBicycle-frameworks.sh\"\n";
			showEnvVarsInLog = 0;
		};
/* End PBXShellScriptBuildPhase section */

/* Begin PBXSourcesBuildPhase section */
		A056384B203FCDBC00BB0A9C /* Sources */ = {
			isa = PBXSourcesBuildPhase;
			buildActionMask = 2147483647;
			files = (
				A0563857203FCDBC00BB0A9C /* CycleViewController.m in Sources */,
				A0D27526204AE24400ABF73B /* MenuViewController.m in Sources */,
				A0D22983205AD7CE003871FA /* ScanCodeeViewController.m in Sources */,
				A04D6374205AD5EC0013E26A /* ShadowView.m in Sources */,
				A01F6FA2207E433A00FF7912 /* UserInfoTableViewController.m in Sources */,
				A0563862203FCDBC00BB0A9C /* main.m in Sources */,
				A0563854203FCDBC00BB0A9C /* AppDelegate.m in Sources */,
				A0D0547D204ECCA600654513 /* MenuTableViewCell.m in Sources */,
				A006D8B7204D78A000E4B85E /* LoginViewController.m in Sources */,
			);
			runOnlyForDeploymentPostprocessing = 0;
		};
		A0563863203FCDBC00BB0A9C /* Sources */ = {
			isa = PBXSourcesBuildPhase;
			buildActionMask = 2147483647;
			files = (
				A056386C203FCDBC00BB0A9C /* SharedBicycleTests.m in Sources */,
			);
			runOnlyForDeploymentPostprocessing = 0;
		};
		A056386E203FCDBC00BB0A9C /* Sources */ = {
			isa = PBXSourcesBuildPhase;
			buildActionMask = 2147483647;
			files = (
				A0563877203FCDBC00BB0A9C /* SharedBicycleUITests.m in Sources */,
			);
			runOnlyForDeploymentPostprocessing = 0;
		};
/* End PBXSourcesBuildPhase section */

/* Begin PBXTargetDependency section */
		A0563869203FCDBC00BB0A9C /* PBXTargetDependency */ = {
			isa = PBXTargetDependency;
			target = A056384E203FCDBC00BB0A9C /* SharedBicycle */;
			targetProxy = A0563868203FCDBC00BB0A9C /* PBXContainerItemProxy */;
		};
		A0563874203FCDBC00BB0A9C /* PBXTargetDependency */ = {
			isa = PBXTargetDependency;
			target = A056384E203FCDBC00BB0A9C /* SharedBicycle */;
			targetProxy = A0563873203FCDBC00BB0A9C /* PBXContainerItemProxy */;
		};
/* End PBXTargetDependency section */

/* Begin PBXVariantGroup section */
		A0563858203FCDBC00BB0A9C /* Main.storyboard */ = {
			isa = PBXVariantGroup;
			children = (
				A0563859203FCDBC00BB0A9C /* Base */,
			);
			name = Main.storyboard;
			sourceTree = "<group>";
		};
		A056385D203FCDBC00BB0A9C /* LaunchScreen.storyboard */ = {
			isa = PBXVariantGroup;
			children = (
				A056385E203FCDBC00BB0A9C /* Base */,
			);
			name = LaunchScreen.storyboard;
			sourceTree = "<group>";
		};
/* End PBXVariantGroup section */

/* Begin XCBuildConfiguration section */
		A0563879203FCDBC00BB0A9C /* Debug */ = {
			isa = XCBuildConfiguration;
			buildSettings = {
				ALWAYS_SEARCH_USER_PATHS = NO;
				CLANG_ANALYZER_NONNULL = YES;
				CLANG_ANALYZER_NUMBER_OBJECT_CONVERSION = YES_AGGRESSIVE;
				CLANG_CXX_LANGUAGE_STANDARD = "gnu++14";
				CLANG_CXX_LIBRARY = "libc++";
				CLANG_ENABLE_MODULES = YES;
				CLANG_ENABLE_OBJC_ARC = YES;
				CLANG_WARN_BLOCK_CAPTURE_AUTORELEASING = YES;
				CLANG_WARN_BOOL_CONVERSION = YES;
				CLANG_WARN_COMMA = YES;
				CLANG_WARN_CONSTANT_CONVERSION = YES;
				CLANG_WARN_DIRECT_OBJC_ISA_USAGE = YES_ERROR;
				CLANG_WARN_DOCUMENTATION_COMMENTS = YES;
				CLANG_WARN_EMPTY_BODY = YES;
				CLANG_WARN_ENUM_CONVERSION = YES;
				CLANG_WARN_INFINITE_RECURSION = YES;
				CLANG_WARN_INT_CONVERSION = YES;
				CLANG_WARN_NON_LITERAL_NULL_CONVERSION = YES;
				CLANG_WARN_OBJC_LITERAL_CONVERSION = YES;
				CLANG_WARN_OBJC_ROOT_CLASS = YES_ERROR;
				CLANG_WARN_RANGE_LOOP_ANALYSIS = YES;
				CLANG_WARN_STRICT_PROTOTYPES = YES;
				CLANG_WARN_SUSPICIOUS_MOVE = YES;
				CLANG_WARN_UNGUARDED_AVAILABILITY = YES_AGGRESSIVE;
				CLANG_WARN_UNREACHABLE_CODE = YES;
				CLANG_WARN__DUPLICATE_METHOD_MATCH = YES;
				CODE_SIGN_IDENTITY = "iPhone Developer";
				COPY_PHASE_STRIP = NO;
				DEBUG_INFORMATION_FORMAT = dwarf;
				ENABLE_STRICT_OBJC_MSGSEND = YES;
				ENABLE_TESTABILITY = YES;
				GCC_C_LANGUAGE_STANDARD = gnu11;
				GCC_DYNAMIC_NO_PIC = NO;
				GCC_NO_COMMON_BLOCKS = YES;
				GCC_OPTIMIZATION_LEVEL = 0;
				GCC_PREPROCESSOR_DEFINITIONS = (
					"DEBUG=1",
					"$(inherited)",
				);
				GCC_WARN_64_TO_32_BIT_CONVERSION = YES;
				GCC_WARN_ABOUT_RETURN_TYPE = YES_ERROR;
				GCC_WARN_UNDECLARED_SELECTOR = YES;
				GCC_WARN_UNINITIALIZED_AUTOS = YES_AGGRESSIVE;
				GCC_WARN_UNUSED_FUNCTION = YES;
				GCC_WARN_UNUSED_VARIABLE = YES;
				IPHONEOS_DEPLOYMENT_TARGET = 11.2;
				MTL_ENABLE_DEBUG_INFO = YES;
				ONLY_ACTIVE_ARCH = YES;
				SDKROOT = iphoneos;
			};
			name = Debug;
		};
		A056387A203FCDBC00BB0A9C /* Release */ = {
			isa = XCBuildConfiguration;
			buildSettings = {
				ALWAYS_SEARCH_USER_PATHS = NO;
				CLANG_ANALYZER_NONNULL = YES;
				CLANG_ANALYZER_NUMBER_OBJECT_CONVERSION = YES_AGGRESSIVE;
				CLANG_CXX_LANGUAGE_STANDARD = "gnu++14";
				CLANG_CXX_LIBRARY = "libc++";
				CLANG_ENABLE_MODULES = YES;
				CLANG_ENABLE_OBJC_ARC = YES;
				CLANG_WARN_BLOCK_CAPTURE_AUTORELEASING = YES;
				CLANG_WARN_BOOL_CONVERSION = YES;
				CLANG_WARN_COMMA = YES;
				CLANG_WARN_CONSTANT_CONVERSION = YES;
				CLANG_WARN_DIRECT_OBJC_ISA_USAGE = YES_ERROR;
				CLANG_WARN_DOCUMENTATION_COMMENTS = YES;
				CLANG_WARN_EMPTY_BODY = YES;
				CLANG_WARN_ENUM_CONVERSION = YES;
				CLANG_WARN_INFINITE_RECURSION = YES;
				CLANG_WARN_INT_CONVERSION = YES;
				CLANG_WARN_NON_LITERAL_NULL_CONVERSION = YES;
				CLANG_WARN_OBJC_LITERAL_CONVERSION = YES;
				CLANG_WARN_OBJC_ROOT_CLASS = YES_ERROR;
				CLANG_WARN_RANGE_LOOP_ANALYSIS = YES;
				CLANG_WARN_STRICT_PROTOTYPES = YES;
				CLANG_WARN_SUSPICIOUS_MOVE = YES;
				CLANG_WARN_UNGUARDED_AVAILABILITY = YES_AGGRESSIVE;
				CLANG_WARN_UNREACHABLE_CODE = YES;
				CLANG_WARN__DUPLICATE_METHOD_MATCH = YES;
				CODE_SIGN_IDENTITY = "iPhone Developer";
				COPY_PHASE_STRIP = NO;
				DEBUG_INFORMATION_FORMAT = "dwarf-with-dsym";
				ENABLE_NS_ASSERTIONS = NO;
				ENABLE_STRICT_OBJC_MSGSEND = YES;
				GCC_C_LANGUAGE_STANDARD = gnu11;
				GCC_NO_COMMON_BLOCKS = YES;
				GCC_WARN_64_TO_32_BIT_CONVERSION = YES;
				GCC_WARN_ABOUT_RETURN_TYPE = YES_ERROR;
				GCC_WARN_UNDECLARED_SELECTOR = YES;
				GCC_WARN_UNINITIALIZED_AUTOS = YES_AGGRESSIVE;
				GCC_WARN_UNUSED_FUNCTION = YES;
				GCC_WARN_UNUSED_VARIABLE = YES;
				IPHONEOS_DEPLOYMENT_TARGET = 11.2;
				MTL_ENABLE_DEBUG_INFO = NO;
				SDKROOT = iphoneos;
				VALIDATE_PRODUCT = YES;
			};
			name = Release;
		};
		A056387C203FCDBC00BB0A9C /* Debug */ = {
			isa = XCBuildConfiguration;
			baseConfigurationReference = 843C27E28B9C13EF7A199611 /* Pods-SharedBicycle.debug.xcconfig */;
			buildSettings = {
				ASSETCATALOG_COMPILER_APPICON_NAME = AppIcon;
				CODE_SIGN_STYLE = Automatic;
				DEVELOPMENT_TEAM = 2RMNFRX75X;
				INFOPLIST_FILE = SharedBicycle/Info.plist;
				IPHONEOS_DEPLOYMENT_TARGET = 9.0;
				LD_RUNPATH_SEARCH_PATHS = "$(inherited) @executable_path/Frameworks";
				PRODUCT_BUNDLE_IDENTIFIER = com.228yj.SharedBicycle;
				PRODUCT_NAME = "$(TARGET_NAME)";
				TARGETED_DEVICE_FAMILY = "1,2";
			};
			name = Debug;
		};
		A056387D203FCDBC00BB0A9C /* Release */ = {
			isa = XCBuildConfiguration;
			baseConfigurationReference = 62AC9F4B460C9E3E2BDF474D /* Pods-SharedBicycle.release.xcconfig */;
			buildSettings = {
				ASSETCATALOG_COMPILER_APPICON_NAME = AppIcon;
				CODE_SIGN_STYLE = Automatic;
				DEVELOPMENT_TEAM = 2RMNFRX75X;
				INFOPLIST_FILE = SharedBicycle/Info.plist;
				IPHONEOS_DEPLOYMENT_TARGET = 9.0;
				LD_RUNPATH_SEARCH_PATHS = "$(inherited) @executable_path/Frameworks";
				PRODUCT_BUNDLE_IDENTIFIER = com.228yj.SharedBicycle;
				PRODUCT_NAME = "$(TARGET_NAME)";
				TARGETED_DEVICE_FAMILY = "1,2";
			};
			name = Release;
		};
		A056387F203FCDBC00BB0A9C /* Debug */ = {
			isa = XCBuildConfiguration;
			buildSettings = {
				BUNDLE_LOADER = "$(TEST_HOST)";
				CODE_SIGN_STYLE = Automatic;
				DEVELOPMENT_TEAM = 2RMNFRX75X;
				INFOPLIST_FILE = SharedBicycleTests/Info.plist;
				LD_RUNPATH_SEARCH_PATHS = "$(inherited) @executable_path/Frameworks @loader_path/Frameworks";
				PRODUCT_BUNDLE_IDENTIFIER = com.228yj.SharedBicycleTests;
				PRODUCT_NAME = "$(TARGET_NAME)";
				TARGETED_DEVICE_FAMILY = "1,2";
				TEST_HOST = "$(BUILT_PRODUCTS_DIR)/SharedBicycle.app/SharedBicycle";
			};
			name = Debug;
		};
		A0563880203FCDBC00BB0A9C /* Release */ = {
			isa = XCBuildConfiguration;
			buildSettings = {
				BUNDLE_LOADER = "$(TEST_HOST)";
				CODE_SIGN_STYLE = Automatic;
				DEVELOPMENT_TEAM = 2RMNFRX75X;
				INFOPLIST_FILE = SharedBicycleTests/Info.plist;
				LD_RUNPATH_SEARCH_PATHS = "$(inherited) @executable_path/Frameworks @loader_path/Frameworks";
				PRODUCT_BUNDLE_IDENTIFIER = com.228yj.SharedBicycleTests;
				PRODUCT_NAME = "$(TARGET_NAME)";
				TARGETED_DEVICE_FAMILY = "1,2";
				TEST_HOST = "$(BUILT_PRODUCTS_DIR)/SharedBicycle.app/SharedBicycle";
			};
			name = Release;
		};
		A0563882203FCDBC00BB0A9C /* Debug */ = {
			isa = XCBuildConfiguration;
			buildSettings = {
				CODE_SIGN_STYLE = Automatic;
				DEVELOPMENT_TEAM = 2RMNFRX75X;
				INFOPLIST_FILE = SharedBicycleUITests/Info.plist;
				LD_RUNPATH_SEARCH_PATHS = "$(inherited) @executable_path/Frameworks @loader_path/Frameworks";
				PRODUCT_BUNDLE_IDENTIFIER = com.228yj.SharedBicycleUITests;
				PRODUCT_NAME = "$(TARGET_NAME)";
				TARGETED_DEVICE_FAMILY = "1,2";
				TEST_TARGET_NAME = SharedBicycle;
			};
			name = Debug;
		};
		A0563883203FCDBC00BB0A9C /* Release */ = {
			isa = XCBuildConfiguration;
			buildSettings = {
				CODE_SIGN_STYLE = Automatic;
				DEVELOPMENT_TEAM = 2RMNFRX75X;
				INFOPLIST_FILE = SharedBicycleUITests/Info.plist;
				LD_RUNPATH_SEARCH_PATHS = "$(inherited) @executable_path/Frameworks @loader_path/Frameworks";
				PRODUCT_BUNDLE_IDENTIFIER = com.228yj.SharedBicycleUITests;
				PRODUCT_NAME = "$(TARGET_NAME)";
				TARGETED_DEVICE_FAMILY = "1,2";
				TEST_TARGET_NAME = SharedBicycle;
			};
			name = Release;
		};
/* End XCBuildConfiguration section */

/* Begin XCConfigurationList section */
		A056384A203FCDBC00BB0A9C /* Build configuration list for PBXProject "SharedBicycle" */ = {
			isa = XCConfigurationList;
			buildConfigurations = (
				A0563879203FCDBC00BB0A9C /* Debug */,
				A056387A203FCDBC00BB0A9C /* Release */,
			);
			defaultConfigurationIsVisible = 0;
			defaultConfigurationName = Release;
		};
		A056387B203FCDBC00BB0A9C /* Build configuration list for PBXNativeTarget "SharedBicycle" */ = {
			isa = XCConfigurationList;
			buildConfigurations = (
				A056387C203FCDBC00BB0A9C /* Debug */,
				A056387D203FCDBC00BB0A9C /* Release */,
			);
			defaultConfigurationIsVisible = 0;
			defaultConfigurationName = Release;
		};
		A056387E203FCDBC00BB0A9C /* Build configuration list for PBXNativeTarget "SharedBicycleTests" */ = {
			isa = XCConfigurationList;
			buildConfigurations = (
				A056387F203FCDBC00BB0A9C /* Debug */,
				A0563880203FCDBC00BB0A9C /* Release */,
			);
			defaultConfigurationIsVisible = 0;
			defaultConfigurationName = Release;
		};
		A0563881203FCDBC00BB0A9C /* Build configuration list for PBXNativeTarget "SharedBicycleUITests" */ = {
			isa = XCConfigurationList;
			buildConfigurations = (
				A0563882203FCDBC00BB0A9C /* Debug */,
				A0563883203FCDBC00BB0A9C /* Release */,
			);
			defaultConfigurationIsVisible = 0;
			defaultConfigurationName = Release;
		};
/* End XCConfigurationList section */
	};
	rootObject = A0563847203FCDBC00BB0A9C /* Project object */;
}
